// !$*UTF8*$!
{
	archiveVersion = 1;
	classes = {
	};
	objectVersion = 46;
	objects = {
		D7BA7D76DAB5DD13389D6332 = {
			buildActionMask = 2147483647;
			files = (
				);
			generatedFileNames = (
				);
			isa = PBXShellScriptBuildPhase;
			name = "Qt Qmake";
			neededFileNames = (
				);
			shellPath = "/bin/sh";
			shellScript = "make\ -C\ /Users/Sheng/Dropbox/PDEsolver\ -f\ \'PDEsolver.xcodeproj/qt_makeqmake.mak\'";
		};
		118FCBAABA162BA17933C789 = {
			isa = PBXFileReference;
			name = "main.cpp";
			path = "main.cpp";
			refType = 4;
			sourceTree = "SOURCE_ROOT";
			lastKnownFileType = "sourcecode.cpp.cpp";
		};
		2B093CA6F071B023A473CED0 = {
			fileRef = "118FCBAABA162BA17933C789";
			isa = PBXBuildFile;
			settings = {
				ATTRIBUTES = (
					);
			};
		};
		848BC2AAEBCD0D8165214A1A = {
			isa = PBXFileReference;
			name = "PlottingMainWindow.cpp";
			path = "Application/PlottingMainWindow.cpp";
			refType = 4;
			sourceTree = "SOURCE_ROOT";
			lastKnownFileType = "sourcecode.cpp.cpp";
		};
		DCD7B5926D0510B394461233 = {
			fileRef = "848BC2AAEBCD0D8165214A1A";
			isa = PBXBuildFile;
			settings = {
				ATTRIBUTES = (
					);
			};
		};
		61E92D8186B6F36217D4085E = {
			isa = PBXFileReference;
			name = "SimulationMainWindow.cpp";
			path = "Application/SimulationMainWindow.cpp";
			refType = 4;
			sourceTree = "SOURCE_ROOT";
			lastKnownFileType = "sourcecode.cpp.cpp";
		};
		DDF618B4D2E322AEC4BA0D75 = {
			fileRef = "61E92D8186B6F36217D4085E";
			isa = PBXBuildFile;
			settings = {
				ATTRIBUTES = (
					);
			};
		};
		00080B95E91033CE17636D48 = {
			isa = PBXFileReference;
			name = "SimulationMainWindow1D.cpp";
			path = "Application/SimulationMainWindow1D.cpp";
			refType = 4;
			sourceTree = "SOURCE_ROOT";
			lastKnownFileType = "sourcecode.cpp.cpp";
		};
		BD553B0A4D3240CF5106FA60 = {
			fileRef = "00080B95E91033CE17636D48";
			isa = PBXBuildFile;
			settings = {
				ATTRIBUTES = (
					);
			};
		};
		521C574D36DBF73723AFB3C0 = {
			isa = PBXFileReference;
			name = "SimulationMainWindow2D.cpp";
			path = "Application/SimulationMainWindow2D.cpp";
			refType = 4;
			sourceTree = "SOURCE_ROOT";
			lastKnownFileType = "sourcecode.cpp.cpp";
		};
		113407D806CF6C392676BA1C = {
			fileRef = "521C574D36DBF73723AFB3C0";
			isa = PBXBuildFile;
			settings = {
				ATTRIBUTES = (
					);
			};
		};
		FD4EF0027F4EFA4D12109806 = {
			isa = PBXFileReference;
			name = "Field1DClass.cpp";
			path = "FieldsDefinition/Field1DClass.cpp";
			refType = 4;
			sourceTree = "SOURCE_ROOT";
			lastKnownFileType = "sourcecode.cpp.cpp";
		};
		7D0B8DFE3B8245B79F4C4C0F = {
			fileRef = "FD4EF0027F4EFA4D12109806";
			isa = PBXBuildFile;
			settings = {
				ATTRIBUTES = (
					);
			};
		};
		D4B0441BF2C6BBB8C487CAAE = {
			isa = PBXFileReference;
			name = "Field2DClass.cpp";
			path = "FieldsDefinition/Field2DClass.cpp";
			refType = 4;
			sourceTree = "SOURCE_ROOT";
			lastKnownFileType = "sourcecode.cpp.cpp";
		};
		4C718BA6BB185FDAC447FCDF = {
			fileRef = "D4B0441BF2C6BBB8C487CAAE";
			isa = PBXBuildFile;
			settings = {
				ATTRIBUTES = (
					);
			};
		};
		29A9E64BC425FB95FDC65D78 = {
			isa = PBXFileReference;
			name = "intInput.cpp";
			path = "GlobalFunctions/intInput.cpp";
			refType = 4;
			sourceTree = "SOURCE_ROOT";
			lastKnownFileType = "sourcecode.cpp.cpp";
		};
		138BB6980F1D50E5B6F536DE = {
			fileRef = "29A9E64BC425FB95FDC65D78";
			isa = PBXBuildFile;
			settings = {
				ATTRIBUTES = (
					);
			};
		};
		9B16318C2863A2ADE1343775 = {
			isa = PBXFileReference;
			name = "saveDataIntoFile.cpp";
			path = "GlobalFunctions/saveDataIntoFile.cpp";
			refType = 4;
			sourceTree = "SOURCE_ROOT";
			lastKnownFileType = "sourcecode.cpp.cpp";
		};
		2E7C61F215E9C183BF0AB7FC = {
			fileRef = "9B16318C2863A2ADE1343775";
			isa = PBXBuildFile;
			settings = {
				ATTRIBUTES = (
					);
			};
		};
		D79FD803BFC6315E387A2FA8 = {
			isa = PBXFileReference;
			name = "saveImageIntoFile.cpp";
			path = "GlobalFunctions/saveImageIntoFile.cpp";
			refType = 4;
			sourceTree = "SOURCE_ROOT";
			lastKnownFileType = "sourcecode.cpp.cpp";
		};
		2FCB006D3D50F4A634AC1C36 = {
			fileRef = "D79FD803BFC6315E387A2FA8";
			isa = PBXBuildFile;
			settings = {
				ATTRIBUTES = (
					);
			};
		};
		86F0032C9E9BAE0C2AFF9B58 = {
			isa = PBXFileReference;
			name = "solveTridiagonalMatrix.cpp";
			path = "GlobalFunctions/solveTridiagonalMatrix.cpp";
			refType = 4;
			sourceTree = "SOURCE_ROOT";
			lastKnownFileType = "sourcecode.cpp.cpp";
		};
		BF9712FDC65E360B3AF1007A = {
			fileRef = "86F0032C9E9BAE0C2AFF9B58";
			isa = PBXBuildFile;
			settings = {
				ATTRIBUTES = (
					);
			};
		};
		2CCB2A71AFC2B26437499981 = {
			isa = PBXFileReference;
			name = "InitialConditionClass_RndNoise.cpp";
			path = "InitialCondition/InitialConditionClass_RndNoise.cpp";
			refType = 4;
			sourceTree = "SOURCE_ROOT";
			lastKnownFileType = "sourcecode.cpp.cpp";
		};
		C1B3F0B4AFEE38188E1E795B = {
			fileRef = "2CCB2A71AFC2B26437499981";
			isa = PBXBuildFile;
			settings = {
				ATTRIBUTES = (
					);
			};
		};
		11E5030BD0D7DACA90F6AE47 = {
			isa = PBXFileReference;
			name = "InitialConditionClass_Sin.cpp";
			path = "InitialCondition/InitialConditionClass_Sin.cpp";
			refType = 4;
			sourceTree = "SOURCE_ROOT";
			lastKnownFileType = "sourcecode.cpp.cpp";
		};
		D3A1FD9FB9BDB351F292EC98 = {
			fileRef = "11E5030BD0D7DACA90F6AE47";
			isa = PBXBuildFile;
			settings = {
				ATTRIBUTES = (
					);
			};
		};
		133FFDA150F72F0A37D7C692 = {
			isa = PBXFileReference;
			name = "InitialConditionClass_Step.cpp";
			path = "InitialCondition/InitialConditionClass_Step.cpp";
			refType = 4;
			sourceTree = "SOURCE_ROOT";
			lastKnownFileType = "sourcecode.cpp.cpp";
		};
		7EFCEFCE94EDAE345354DA0E = {
			fileRef = "133FFDA150F72F0A37D7C692";
			isa = PBXBuildFile;
			settings = {
				ATTRIBUTES = (
					);
			};
		};
		6ACF0B31EFB9EF03F5699F9E = {
			isa = PBXFileReference;
			name = "Simulation1DClass.cpp";
			path = "Simulation/Simulation1DClass.cpp";
			refType = 4;
			sourceTree = "SOURCE_ROOT";
			lastKnownFileType = "sourcecode.cpp.cpp";
		};
		108DAB6C540EFCD847C71CB0 = {
			fileRef = "6ACF0B31EFB9EF03F5699F9E";
			isa = PBXBuildFile;
			settings = {
				ATTRIBUTES = (
					);
			};
		};
		764C3C4D4CBEA9B6F98EE4B3 = {
			isa = PBXFileReference;
			name = "Simulation2DClass.cpp";
			path = "Simulation/Simulation2DClass.cpp";
			refType = 4;
			sourceTree = "SOURCE_ROOT";
			lastKnownFileType = "sourcecode.cpp.cpp";
		};
		05AE3FCE16425F26D5F0455D = {
			fileRef = "764C3C4D4CBEA9B6F98EE4B3";
			isa = PBXBuildFile;
			settings = {
				ATTRIBUTES = (
					);
			};
		};
		D8AFCE01383430C4BD7C7056 = {
			isa = PBXFileReference;
			name = "qcustomplot.cpp";
			path = "Application/QCustomPlot/qcustomplot.cpp";
			refType = 4;
			sourceTree = "SOURCE_ROOT";
			lastKnownFileType = "sourcecode.cpp.cpp";
		};
		4BE81137098A575D6FF9BD4F = {
			fileRef = "D8AFCE01383430C4BD7C7056";
			isa = PBXBuildFile;
			settings = {
				ATTRIBUTES = (
					);
			};
		};
		AADCA917B7D5C32009227237 = {
			isa = PBXFileReference;
			name = "ForwardEulerScheme.cpp";
			path = "Solvers/OneDimensional/ForwardEulerScheme.cpp";
			refType = 4;
			sourceTree = "SOURCE_ROOT";
			lastKnownFileType = "sourcecode.cpp.cpp";
		};
		470B0401150E26BB238C969E = {
			fileRef = "AADCA917B7D5C32009227237";
			isa = PBXBuildFile;
			settings = {
				ATTRIBUTES = (
					);
			};
		};
		F1D8A192C14371EA3961E929 = {
			isa = PBXFileReference;
			name = "KurganovTadmor2000Scheme.cpp";
			path = "Solvers/OneDimensional/KurganovTadmor2000Scheme.cpp";
			refType = 4;
			sourceTree = "SOURCE_ROOT";
			lastKnownFileType = "sourcecode.cpp.cpp";
		};
		35E3D24885A8BB4EA6DCE14A = {
			fileRef = "F1D8A192C14371EA3961E929";
			isa = PBXBuildFile;
			settings = {
				ATTRIBUTES = (
					);
			};
		};
		B7700619B9B5F2153E606C14 = {
			isa = PBXFileReference;
			name = "KurganovTadmor2ndOrder2000Scheme.cpp";
			path = "Solvers/OneDimensional/KurganovTadmor2ndOrder2000Scheme.cpp";
			refType = 4;
			sourceTree = "SOURCE_ROOT";
			lastKnownFileType = "sourcecode.cpp.cpp";
		};
		06D906242B5C6C0180700935 = {
			fileRef = "B7700619B9B5F2153E606C14";
			isa = PBXBuildFile;
			settings = {
				ATTRIBUTES = (
					);
			};
		};
		7CE51D870070994938A2E95E = {
			isa = PBXFileReference;
			name = "LaxFriedrichsScheme.cpp";
			path = "Solvers/OneDimensional/LaxFriedrichsScheme.cpp";
			refType = 4;
			sourceTree = "SOURCE_ROOT";
			lastKnownFileType = "sourcecode.cpp.cpp";
		};
		98F67473E04BC14EA4C7A203 = {
			fileRef = "7CE51D870070994938A2E95E";
			isa = PBXBuildFile;
			settings = {
				ATTRIBUTES = (
					);
			};
		};
		20E2AB7064AA05BF2655C058 = {
			isa = PBXFileReference;
			name = "MacCormackScheme.cpp";
			path = "Solvers/OneDimensional/MacCormackScheme.cpp";
			refType = 4;
			sourceTree = "SOURCE_ROOT";
			lastKnownFileType = "sourcecode.cpp.cpp";
		};
		36370413C714ACBB521A216A = {
			fileRef = "20E2AB7064AA05BF2655C058";
			isa = PBXBuildFile;
			settings = {
				ATTRIBUTES = (
					);
			};
		};
		8742421620AD4A4D0955B8B4 = {
			isa = PBXFileReference;
			name = "RK4KurganovTadmor2000Scheme.cpp";
			path = "Solvers/OneDimensional/RK4KurganovTadmor2000Scheme.cpp";
			refType = 4;
			sourceTree = "SOURCE_ROOT";
			lastKnownFileType = "sourcecode.cpp.cpp";
		};
		2B0BADB0C50C276EE4563BBC = {
			fileRef = "8742421620AD4A4D0955B8B4";
			isa = PBXBuildFile;
			settings = {
				ATTRIBUTES = (
					);
			};
		};
		387960CF6BD1ADD4A4B93B04 = {
			isa = PBXFileReference;
			name = "RK4Scheme.cpp";
			path = "Solvers/OneDimensional/RK4Scheme.cpp";
			refType = 4;
			sourceTree = "SOURCE_ROOT";
			lastKnownFileType = "sourcecode.cpp.cpp";
		};
		6C8E6710B813B40B0F0A4004 = {
			fileRef = "387960CF6BD1ADD4A4B93B04";
			isa = PBXBuildFile;
			settings = {
				ATTRIBUTES = (
					);
			};
		};
		E00DCA2554B51628597A8FFC = {
			isa = PBXFileReference;
			name = "ForwardEulerScheme2D.cpp";
			path = "Solvers/TwoDimensional/ForwardEulerScheme2D.cpp";
			refType = 4;
			sourceTree = "SOURCE_ROOT";
			lastKnownFileType = "sourcecode.cpp.cpp";
		};
		E062FEF793D456EE8973480E = {
			fileRef = "E00DCA2554B51628597A8FFC";
			isa = PBXBuildFile;
			settings = {
				ATTRIBUTES = (
					);
			};
		};
		5A9B9C0A288A34B587BD989C = {
			isa = PBXFileReference;
			name = "LaxFriedrichsScheme2D.cpp";
			path = "Solvers/TwoDimensional/LaxFriedrichsScheme2D.cpp";
			refType = 4;
			sourceTree = "SOURCE_ROOT";
			lastKnownFileType = "sourcecode.cpp.cpp";
		};
		CF20417C1CD8D1B02018D86D = {
			fileRef = "5A9B9C0A288A34B587BD989C";
			isa = PBXBuildFile;
			settings = {
				ATTRIBUTES = (
					);
			};
		};
		48F9F0B47A8875B328A9A8A6 = {
			isa = PBXFileReference;
			name = "RK4Scheme2D.cpp";
			path = "Solvers/TwoDimensional/RK4Scheme2D.cpp";
			refType = 4;
			sourceTree = "SOURCE_ROOT";
			lastKnownFileType = "sourcecode.cpp.cpp";
		};
		4BCBC133B37F7A9C608735BF = {
			fileRef = "48F9F0B47A8875B328A9A8A6";
			isa = PBXBuildFile;
			settings = {
				ATTRIBUTES = (
					);
			};
		};
		C8C041D01542D52C407411FC = {
			isa = PBXFileReference;
			name = "FluxCalculatorClassLinearReconstructionScheme.cpp";
			path = "Solvers/OneDimensional/FluxSolvers/FluxCalculatorClassLinearReconstructionScheme.cpp";
			refType = 4;
			sourceTree = "SOURCE_ROOT";
			lastKnownFileType = "sourcecode.cpp.cpp";
		};
		B44BE8D6A27FC73886331E2B = {
			fileRef = "C8C041D01542D52C407411FC";
			isa = PBXBuildFile;
			settings = {
				ATTRIBUTES = (
					);
			};
		};
		F9DDDF6F6DB55C090C75E9D2 = {
			isa = PBXFileReference;
			name = "FluxCalculatorClassMUSCLScheme.cpp";
			path = "Solvers/OneDimensional/FluxSolvers/FluxCalculatorClassMUSCLScheme.cpp";
			refType = 4;
			sourceTree = "SOURCE_ROOT";
			lastKnownFileType = "sourcecode.cpp.cpp";
		};
		50C698EAB8BE89B3001AB67C = {
			fileRef = "F9DDDF6F6DB55C090C75E9D2";
			isa = PBXBuildFile;
			settings = {
				ATTRIBUTES = (
					);
			};
		};
		10645DAED35075878AE6407C = {
			isa = PBXFileReference;
			name = "FluxCalculatorPiecewiseParabolicReconstructionScheme.cpp";
			path = "Solvers/OneDimensional/FluxSolvers/FluxCalculatorPiecewiseParabolicReconstructionScheme.cpp";
			refType = 4;
			sourceTree = "SOURCE_ROOT";
			lastKnownFileType = "sourcecode.cpp.cpp";
		};
		E6C78072BE8182CFB3D44397 = {
			fileRef = "10645DAED35075878AE6407C";
			isa = PBXBuildFile;
			settings = {
				ATTRIBUTES = (
					);
			};
		};
		FD4DF6863951E9CC8A877DDA = {
			isa = PBXFileReference;
			name = "FluxCalculatorClassLinearReconstructionScheme2D.cpp";
			path = "Solvers/TwoDimensional/FluxSolvers/FluxCalculatorClassLinearReconstructionScheme2D.cpp";
			refType = 4;
			sourceTree = "SOURCE_ROOT";
			lastKnownFileType = "sourcecode.cpp.cpp";
		};
		8EE32881C802F27573F275A3 = {
			fileRef = "FD4DF6863951E9CC8A877DDA";
			isa = PBXBuildFile;
			settings = {
				ATTRIBUTES = (
					);
			};
		};
		8FFFB7B767E7079CA6AF1FBD = {
			isa = PBXFileReference;
			name = "moc_PlottingMainWindow.cpp";
			path = "moc_PlottingMainWindow.cpp";
			refType = 4;
			sourceTree = "SOURCE_ROOT";
			lastKnownFileType = "sourcecode.cpp.cpp";
		};
		A83F29C72269328BFD6A4D85 = {
			fileRef = "8FFFB7B767E7079CA6AF1FBD";
			isa = PBXBuildFile;
			settings = {
				ATTRIBUTES = (
					);
			};
		};
		FB4E9555C23FD2AE92C46598 = {
			isa = PBXFileReference;
			name = "moc_SimulationMainWindow.cpp";
			path = "moc_SimulationMainWindow.cpp";
			refType = 4;
			sourceTree = "SOURCE_ROOT";
			lastKnownFileType = "sourcecode.cpp.cpp";
		};
		0DBDD42BFA4CE6944E9DA02C = {
			fileRef = "FB4E9555C23FD2AE92C46598";
			isa = PBXBuildFile;
			settings = {
				ATTRIBUTES = (
					);
			};
		};
		7FEC6D0DB390A3B88463256D = {
			isa = PBXFileReference;
			name = "moc_SimulationMainWindow1D.cpp";
			path = "moc_SimulationMainWindow1D.cpp";
			refType = 4;
			sourceTree = "SOURCE_ROOT";
			lastKnownFileType = "sourcecode.cpp.cpp";
		};
		09956664A2A8C904FFA5D9CA = {
			fileRef = "7FEC6D0DB390A3B88463256D";
			isa = PBXBuildFile;
			settings = {
				ATTRIBUTES = (
					);
			};
		};
		DA8CC26665DE9774D094E816 = {
			isa = PBXFileReference;
			name = "moc_SimulationMainWindow2D.cpp";
			path = "moc_SimulationMainWindow2D.cpp";
			refType = 4;
			sourceTree = "SOURCE_ROOT";
			lastKnownFileType = "sourcecode.cpp.cpp";
		};
		6D6140A4A2A34B7BD3B71EE4 = {
			fileRef = "DA8CC26665DE9774D094E816";
			isa = PBXBuildFile;
			settings = {
				ATTRIBUTES = (
					);
			};
		};
		623BCC3CB9424F2CF404A48D = {
			isa = PBXFileReference;
			name = "moc_qcustomplot.cpp";
			path = "moc_qcustomplot.cpp";
			refType = 4;
			sourceTree = "SOURCE_ROOT";
			lastKnownFileType = "sourcecode.cpp.cpp";
		};
		C755ABF6805C9DAACA47017B = {
			fileRef = "623BCC3CB9424F2CF404A48D";
			isa = PBXBuildFile;
			settings = {
				ATTRIBUTES = (
					);
			};
		};
		4575A68B796002CA968BC0DD = {
			isa = PBXFileReference;
			name = "constants.h";
			path = "constants.h";
			refType = 4;
			sourceTree = "SOURCE_ROOT";
		};
		F4FE2563DDE46389D29C4B8D = {
			isa = PBXFileReference;
			name = "PlottingMainWindow.h";
			path = "Application/PlottingMainWindow.h";
			refType = 4;
			sourceTree = "SOURCE_ROOT";
		};
		A9CADFCF66AD13FEFEFB5E9E = {
			isa = PBXFileReference;
			name = "SimulationMainWindow.h";
			path = "Application/SimulationMainWindow.h";
			refType = 4;
			sourceTree = "SOURCE_ROOT";
		};
		B05AE1737A764D63194C46F2 = {
			isa = PBXFileReference;
			name = "SimulationMainWindow1D.h";
			path = "Application/SimulationMainWindow1D.h";
			refType = 4;
			sourceTree = "SOURCE_ROOT";
		};
		D7327F27CAD526438E664602 = {
			isa = PBXFileReference;
			name = "SimulationMainWindow2D.h";
			path = "Application/SimulationMainWindow2D.h";
			refType = 4;
			sourceTree = "SOURCE_ROOT";
		};
		91BC565433C119A57AAAD481 = {
			isa = PBXFileReference;
			name = "ui_mainwindow.h";
			path = "Application/ui_mainwindow.h";
			refType = 4;
			sourceTree = "SOURCE_ROOT";
		};
		28C37022FAF6150990BC847C = {
			isa = PBXFileReference;
			name = "Field1DClass.h";
			path = "FieldsDefinition/Field1DClass.h";
			refType = 4;
			sourceTree = "SOURCE_ROOT";
		};
		EF26B72B58EB492C52816889 = {
			isa = PBXFileReference;
			name = "Field2DClass.h";
			path = "FieldsDefinition/Field2DClass.h";
			refType = 4;
			sourceTree = "SOURCE_ROOT";
		};
		F477EE1A7D82979DB237046B = {
			isa = PBXFileReference;
			name = "intInput.h";
			path = "GlobalFunctions/intInput.h";
			refType = 4;
			sourceTree = "SOURCE_ROOT";
		};
		D488AE07C207AB3F72A8204B = {
			isa = PBXFileReference;
			name = "saveDataIntoFile.h";
			path = "GlobalFunctions/saveDataIntoFile.h";
			refType = 4;
			sourceTree = "SOURCE_ROOT";
		};
		6A2ACE923DD3170CC00E9342 = {
			isa = PBXFileReference;
			name = "saveImageIntoFile.h";
			path = "GlobalFunctions/saveImageIntoFile.h";
			refType = 4;
			sourceTree = "SOURCE_ROOT";
		};
		0476497AD4A4EC1B076AFC20 = {
			isa = PBXFileReference;
			name = "solveTridiagonalMatrix.h";
			path = "GlobalFunctions/solveTridiagonalMatrix.h";
			refType = 4;
			sourceTree = "SOURCE_ROOT";
		};
		5B1ED6BB6D4CA33229545BC4 = {
			isa = PBXFileReference;
			name = "InitialConditionClass.h";
			path = "InitialCondition/InitialConditionClass.h";
			refType = 4;
			sourceTree = "SOURCE_ROOT";
		};
		5BAA933C8DFBC28A573EE216 = {
			isa = PBXFileReference;
			name = "InitialConditionClass_RndNoise.h";
			path = "InitialCondition/InitialConditionClass_RndNoise.h";
			refType = 4;
			sourceTree = "SOURCE_ROOT";
		};
		44AB286EE5587F435E0DE313 = {
			isa = PBXFileReference;
			name = "InitialConditionClass_Sin.h";
			path = "InitialCondition/InitialConditionClass_Sin.h";
			refType = 4;
			sourceTree = "SOURCE_ROOT";
		};
		FF5EE623E65211BFADAC5C64 = {
			isa = PBXFileReference;
			name = "InitialConditionClass_Step.h";
			path = "InitialCondition/InitialConditionClass_Step.h";
			refType = 4;
			sourceTree = "SOURCE_ROOT";
		};
		2BA6E80FB75D6BD68B73DBD6 = {
			isa = PBXFileReference;
			name = "Simulation1DClass.h";
			path = "Simulation/Simulation1DClass.h";
			refType = 4;
			sourceTree = "SOURCE_ROOT";
		};
		0AFD33420FD96196A838823E = {
			isa = PBXFileReference;
			name = "Simulation2DClass.h";
			path = "Simulation/Simulation2DClass.h";
			refType = 4;
			sourceTree = "SOURCE_ROOT";
		};
		6911C156B49B7900008B01C6 = {
			isa = PBXFileReference;
			name = "qcustomplot.h";
			path = "Application/QCustomPlot/qcustomplot.h";
			refType = 4;
			sourceTree = "SOURCE_ROOT";
		};
		DFFD1AD99C32C211D294CBEB = {
			isa = PBXFileReference;
			name = "ForwardEulerScheme.h";
			path = "Solvers/OneDimensional/ForwardEulerScheme.h";
			refType = 4;
			sourceTree = "SOURCE_ROOT";
		};
		0E62B97AC93DB5AD9DBD9F1D = {
			isa = PBXFileReference;
			name = "KurganovTadmor2000Scheme.h";
			path = "Solvers/OneDimensional/KurganovTadmor2000Scheme.h";
			refType = 4;
			sourceTree = "SOURCE_ROOT";
		};
		10E02A94FF0D6E7E9539F48D = {
			isa = PBXFileReference;
			name = "KurganovTadmor2ndOrder2000Scheme.h";
			path = "Solvers/OneDimensional/KurganovTadmor2ndOrder2000Scheme.h";
			refType = 4;
			sourceTree = "SOURCE_ROOT";
		};
		5A4A5F83B1D72B619E8E6AD7 = {
			isa = PBXFileReference;
			name = "LaxFriedrichsScheme.h";
			path = "Solvers/OneDimensional/LaxFriedrichsScheme.h";
			refType = 4;
			sourceTree = "SOURCE_ROOT";
		};
		7401A1F1D0476EF9BF274358 = {
			isa = PBXFileReference;
			name = "MacCormackScheme.h";
			path = "Solvers/OneDimensional/MacCormackScheme.h";
			refType = 4;
			sourceTree = "SOURCE_ROOT";
		};
		4D384665E8E192A3B8BF0BFB = {
			isa = PBXFileReference;
			name = "MainSolverClass.h";
			path = "Solvers/OneDimensional/MainSolverClass.h";
			refType = 4;
			sourceTree = "SOURCE_ROOT";
		};
		EBC9E5737C540E1290B71FBE = {
			isa = PBXFileReference;
			name = "RK4KurganovTadmor2000Scheme.h";
			path = "Solvers/OneDimensional/RK4KurganovTadmor2000Scheme.h";
			refType = 4;
			sourceTree = "SOURCE_ROOT";
		};
		8A6C0E296ABE21FEF2A3DD38 = {
			isa = PBXFileReference;
			name = "RK4Scheme.h";
			path = "Solvers/OneDimensional/RK4Scheme.h";
			refType = 4;
			sourceTree = "SOURCE_ROOT";
		};
		EAEDA801E124EC533E086CD3 = {
			isa = PBXFileReference;
			name = "ForwardEulerScheme2D.h";
			path = "Solvers/TwoDimensional/ForwardEulerScheme2D.h";
			refType = 4;
			sourceTree = "SOURCE_ROOT";
		};
		E193E1D73B1A1807AA3E35D3 = {
			isa = PBXFileReference;
			name = "LaxFriedrichsScheme2D.h";
			path = "Solvers/TwoDimensional/LaxFriedrichsScheme2D.h";
			refType = 4;
			sourceTree = "SOURCE_ROOT";
		};
		1EF21AA659C70221445B4C48 = {
			isa = PBXFileReference;
			name = "MainSolverClass2D.h";
			path = "Solvers/TwoDimensional/MainSolverClass2D.h";
			refType = 4;
			sourceTree = "SOURCE_ROOT";
		};
		D32FE1BC91BD6E94D5D595E9 = {
			isa = PBXFileReference;
			name = "RK4Scheme2D.h";
			path = "Solvers/TwoDimensional/RK4Scheme2D.h";
			refType = 4;
			sourceTree = "SOURCE_ROOT";
		};
		B65028B2B8970503744EDC63 = {
			isa = PBXFileReference;
			name = "FluxCalculatorClass.h";
			path = "Solvers/OneDimensional/FluxSolvers/FluxCalculatorClass.h";
			refType = 4;
			sourceTree = "SOURCE_ROOT";
		};
		9D5500EC61E31864021E1819 = {
			isa = PBXFileReference;
			name = "FluxCalculatorClassLinearReconstructionScheme.h";
			path = "Solvers/OneDimensional/FluxSolvers/FluxCalculatorClassLinearReconstructionScheme.h";
			refType = 4;
			sourceTree = "SOURCE_ROOT";
		};
		E6D5E4F80E1E21365046EE5B = {
			isa = PBXFileReference;
			name = "FluxCalculatorClassMUSCLScheme.h";
			path = "Solvers/OneDimensional/FluxSolvers/FluxCalculatorClassMUSCLScheme.h";
			refType = 4;
			sourceTree = "SOURCE_ROOT";
		};
		BA54756C8E1511D1C70A28F4 = {
			isa = PBXFileReference;
			name = "FluxCalculatorPiecewiseParabolicReconstructionScheme.h";
			path = "Solvers/OneDimensional/FluxSolvers/FluxCalculatorPiecewiseParabolicReconstructionScheme.h";
			refType = 4;
			sourceTree = "SOURCE_ROOT";
		};
		7259567F2D7DB29483272DBD = {
			isa = PBXFileReference;
			name = "FluxCalculatorClass2D.h";
			path = "Solvers/TwoDimensional/FluxSolvers/FluxCalculatorClass2D.h";
			refType = 4;
			sourceTree = "SOURCE_ROOT";
		};
		C0B16B69ACBFAF2700ECE2C7 = {
			isa = PBXFileReference;
			name = "FluxCalculatorClassLinearReconstructionScheme2D.h";
			path = "Solvers/TwoDimensional/FluxSolvers/FluxCalculatorClassLinearReconstructionScheme2D.h";
			refType = 4;
			sourceTree = "SOURCE_ROOT";
		};
		B080A9C7F431F952CAB1ABB4 = {
			isa = PBXFileReference;
			name = "PDEsolver.pro";
			path = "PDEsolver.pro";
			refType = 4;
			sourceTree = "SOURCE_ROOT";
		};
		883D7615C4D2DE3FA1218F12 = {
			isa = PBXGroup;
			children = (
				"4575A68B796002CA968BC0DD",
				"151090AA1D2303570FBF3990",
				"FEE0B49908D25A186B09BA5C",
				"76D3C76771CE24D17EE4E2D6",
				"276BB5B903C5C20B96FE898B",
				"57474B3BF83DDCED97D11C25",
				"F59836741E0E4CA559D9DBBD");
			name = "Headers";
			refType = 4;
			sourceTree = "<Group>";
		};
		151090AA1D2303570FBF3990 = {
			isa = PBXGroup;
			children = (
				"F4FE2563DDE46389D29C4B8D",
				"A9CADFCF66AD13FEFEFB5E9E",
				"B05AE1737A764D63194C46F2",
				"D7327F27CAD526438E664602",
				"91BC565433C119A57AAAD481",
				"1E2F4C3E84AE1B38DF3980B0");
			name = "Application";
			refType = 4;
			sourceTree = "<Group>";
		};
		1E2F4C3E84AE1B38DF3980B0 = {
			isa = PBXGroup;
			children = (
				"6911C156B49B7900008B01C6");
			name = "QCustomPlot";
			refType = 4;
			sourceTree = "<Group>";
		};
		FEE0B49908D25A186B09BA5C = {
			isa = PBXGroup;
			children = (
				"28C37022FAF6150990BC847C",
				"EF26B72B58EB492C52816889");
			name = "FieldsDefinition";
			refType = 4;
			sourceTree = "<Group>";
		};
		76D3C76771CE24D17EE4E2D6 = {
			isa = PBXGroup;
			children = (
				"F477EE1A7D82979DB237046B",
				"D488AE07C207AB3F72A8204B",
				"6A2ACE923DD3170CC00E9342",
				"0476497AD4A4EC1B076AFC20");
			name = "GlobalFunctions";
			refType = 4;
			sourceTree = "<Group>";
		};
		276BB5B903C5C20B96FE898B = {
			isa = PBXGroup;
			children = (
				"5B1ED6BB6D4CA33229545BC4",
				"5BAA933C8DFBC28A573EE216",
				"44AB286EE5587F435E0DE313",
				"FF5EE623E65211BFADAC5C64");
			name = "InitialCondition";
			refType = 4;
			sourceTree = "<Group>";
		};
		57474B3BF83DDCED97D11C25 = {
			isa = PBXGroup;
			children = (
				"2BA6E80FB75D6BD68B73DBD6",
				"0AFD33420FD96196A838823E");
			name = "Simulation";
			refType = 4;
			sourceTree = "<Group>";
		};
		F59836741E0E4CA559D9DBBD = {
			isa = PBXGroup;
			children = (
				"E8B576B4A5424A038113A40A",
				"52983DA56545D63810CD3A8E");
			name = "Solvers";
			refType = 4;
			sourceTree = "<Group>";
		};
		E8B576B4A5424A038113A40A = {
			isa = PBXGroup;
			children = (
				"DFFD1AD99C32C211D294CBEB",
				"0E62B97AC93DB5AD9DBD9F1D",
				"10E02A94FF0D6E7E9539F48D",
				"5A4A5F83B1D72B619E8E6AD7",
				"7401A1F1D0476EF9BF274358",
				"4D384665E8E192A3B8BF0BFB",
				"EBC9E5737C540E1290B71FBE",
				"8A6C0E296ABE21FEF2A3DD38",
				"06893877FBEC922F6A8466E1");
			name = "OneDimensional";
			refType = 4;
			sourceTree = "<Group>";
		};
		06893877FBEC922F6A8466E1 = {
			isa = PBXGroup;
			children = (
				"B65028B2B8970503744EDC63",
				"9D5500EC61E31864021E1819",
				"E6D5E4F80E1E21365046EE5B",
				"BA54756C8E1511D1C70A28F4");
			name = "FluxSolvers";
			refType = 4;
			sourceTree = "<Group>";
		};
		52983DA56545D63810CD3A8E = {
			isa = PBXGroup;
			children = (
				"EAEDA801E124EC533E086CD3",
				"E193E1D73B1A1807AA3E35D3",
				"1EF21AA659C70221445B4C48",
				"D32FE1BC91BD6E94D5D595E9",
				"6AFA0EADD3210AD07A93D511");
			name = "TwoDimensional";
			refType = 4;
			sourceTree = "<Group>";
		};
		6AFA0EADD3210AD07A93D511 = {
			isa = PBXGroup;
			children = (
				"7259567F2D7DB29483272DBD",
				"C0B16B69ACBFAF2700ECE2C7");
			name = "FluxSolvers";
			refType = 4;
			sourceTree = "<Group>";
		};
		E4FA6D65684932451900DEE7 = {
			isa = PBXGroup;
			children = (
				"848BC2AAEBCD0D8165214A1A",
				"61E92D8186B6F36217D4085E",
				"00080B95E91033CE17636D48",
				"521C574D36DBF73723AFB3C0",
				"54DF584635FE8E7B610541B9");
			name = "Application";
			refType = 4;
			sourceTree = "<Group>";
		};
		54DF584635FE8E7B610541B9 = {
			isa = PBXGroup;
			children = (
				"D8AFCE01383430C4BD7C7056");
			name = "QCustomPlot";
			refType = 4;
			sourceTree = "<Group>";
		};
		FFC2A569063B572A03718869 = {
			isa = PBXGroup;
			children = (
				"FD4EF0027F4EFA4D12109806",
				"D4B0441BF2C6BBB8C487CAAE");
			name = "FieldsDefinition";
			refType = 4;
			sourceTree = "<Group>";
		};
		9A5DC3D398680280EC675581 = {
			isa = PBXGroup;
			children = (
				"29A9E64BC425FB95FDC65D78",
				"9B16318C2863A2ADE1343775",
				"D79FD803BFC6315E387A2FA8",
				"86F0032C9E9BAE0C2AFF9B58");
			name = "GlobalFunctions";
			refType = 4;
			sourceTree = "<Group>";
		};
		AE1D99125059DD73B74F5F97 = {
			isa = PBXGroup;
			children = (
				"2CCB2A71AFC2B26437499981",
				"11E5030BD0D7DACA90F6AE47",
				"133FFDA150F72F0A37D7C692");
			name = "InitialCondition";
			refType = 4;
			sourceTree = "<Group>";
		};
		CE94FF43B0837B6B23989E0E = {
			isa = PBXGroup;
			children = (
				"6ACF0B31EFB9EF03F5699F9E",
				"764C3C4D4CBEA9B6F98EE4B3");
			name = "Simulation";
			refType = 4;
			sourceTree = "<Group>";
		};
		FB2C29A2D720EE31B29EF0EF = {
			isa = PBXGroup;
			children = (
				"1D41DA55B312A1B3F605A1A5",
				"277E0209859F842CC04118DA");
			name = "Solvers";
			refType = 4;
			sourceTree = "<Group>";
		};
		1D41DA55B312A1B3F605A1A5 = {
			isa = PBXGroup;
			children = (
				"AADCA917B7D5C32009227237",
				"F1D8A192C14371EA3961E929",
				"B7700619B9B5F2153E606C14",
				"7CE51D870070994938A2E95E",
				"20E2AB7064AA05BF2655C058",
				"8742421620AD4A4D0955B8B4",
				"387960CF6BD1ADD4A4B93B04",
				"87AD17B3C58C8F0D822A0EF3");
			name = "OneDimensional";
			refType = 4;
			sourceTree = "<Group>";
		};
		87AD17B3C58C8F0D822A0EF3 = {
			isa = PBXGroup;
			children = (
				"C8C041D01542D52C407411FC",
				"F9DDDF6F6DB55C090C75E9D2",
				"10645DAED35075878AE6407C");
			name = "FluxSolvers";
			refType = 4;
			sourceTree = "<Group>";
		};
		277E0209859F842CC04118DA = {
			isa = PBXGroup;
			children = (
				"E00DCA2554B51628597A8FFC",
				"5A9B9C0A288A34B587BD989C",
				"48F9F0B47A8875B328A9A8A6",
				"86F6021FC88D1E40F0A47DFB");
			name = "TwoDimensional";
			refType = 4;
			sourceTree = "<Group>";
		};
		86F6021FC88D1E40F0A47DFB = {
			isa = PBXGroup;
			children = (
				"FD4DF6863951E9CC8A877DDA");
			name = "FluxSolvers";
			refType = 4;
			sourceTree = "<Group>";
		};
		FB61758D0F0FDA4BA867C3D5 = {
			isa = PBXGroup;
			children = (
				"118FCBAABA162BA17933C789",
				"E4FA6D65684932451900DEE7",
				"FFC2A569063B572A03718869",
				"9A5DC3D398680280EC675581",
				"AE1D99125059DD73B74F5F97",
				"CE94FF43B0837B6B23989E0E",
				"FB2C29A2D720EE31B29EF0EF");
			name = "Sources";
			refType = 4;
			sourceTree = "<Group>";
		};
		7CABE3C80E79AD2B307756D2 = {
			isa = PBXGroup;
			children = (
				"B080A9C7F431F952CAB1ABB4");
			name = "Sources [qmake]";
			refType = 4;
			sourceTree = "<Group>";
		};
		46E892BBB6BB6952967E0561 = {
			isa = PBXGroup;
			children = (
				"8FFFB7B767E7079CA6AF1FBD",
				"FB4E9555C23FD2AE92C46598",
				"7FEC6D0DB390A3B88463256D",
				"DA8CC26665DE9774D094E816",
				"623BCC3CB9424F2CF404A48D");
			name = "Temporary Sources";
			refType = 4;
			sourceTree = "<Group>";
		};
		A0A52A2ADF7A1E2A99738674 = {
			buildActionMask = 2147483647;
			files = (
				);
			generatedFileNames = (
				"2B093CA6F071B023A473CED0",
				"DCD7B5926D0510B394461233",
				"DDF618B4D2E322AEC4BA0D75",
				"BD553B0A4D3240CF5106FA60",
				"113407D806CF6C392676BA1C",
				"7D0B8DFE3B8245B79F4C4C0F",
				"4C718BA6BB185FDAC447FCDF",
				"138BB6980F1D50E5B6F536DE",
				"2E7C61F215E9C183BF0AB7FC",
				"2FCB006D3D50F4A634AC1C36",
				"BF9712FDC65E360B3AF1007A",
				"C1B3F0B4AFEE38188E1E795B",
				"D3A1FD9FB9BDB351F292EC98",
				"7EFCEFCE94EDAE345354DA0E",
				"108DAB6C540EFCD847C71CB0",
				"05AE3FCE16425F26D5F0455D",
				"4BE81137098A575D6FF9BD4F",
				"470B0401150E26BB238C969E",
				"35E3D24885A8BB4EA6DCE14A",
				"06D906242B5C6C0180700935",
				"98F67473E04BC14EA4C7A203",
				"36370413C714ACBB521A216A",
				"2B0BADB0C50C276EE4563BBC",
				"6C8E6710B813B40B0F0A4004",
				"E062FEF793D456EE8973480E",
				"CF20417C1CD8D1B02018D86D",
				"4BCBC133B37F7A9C608735BF",
				"B44BE8D6A27FC73886331E2B",
				"50C698EAB8BE89B3001AB67C",
				"E6C78072BE8182CFB3D44397",
				"8EE32881C802F27573F275A3",
				"A83F29C72269328BFD6A4D85",
				"0DBDD42BFA4CE6944E9DA02C",
				"09956664A2A8C904FFA5D9CA",
				"6D6140A4A2A34B7BD3B71EE4",
				"C755ABF6805C9DAACA47017B");
			isa = PBXShellScriptBuildPhase;
			name = "Qt Preprocessors";
			neededFileNames = (
				"2B093CA6F071B023A473CED0",
				"DCD7B5926D0510B394461233",
				"DDF618B4D2E322AEC4BA0D75",
				"BD553B0A4D3240CF5106FA60",
				"113407D806CF6C392676BA1C",
				"7D0B8DFE3B8245B79F4C4C0F",
				"4C718BA6BB185FDAC447FCDF",
				"138BB6980F1D50E5B6F536DE",
				"2E7C61F215E9C183BF0AB7FC",
				"2FCB006D3D50F4A634AC1C36",
				"BF9712FDC65E360B3AF1007A",
				"C1B3F0B4AFEE38188E1E795B",
				"D3A1FD9FB9BDB351F292EC98",
				"7EFCEFCE94EDAE345354DA0E",
				"108DAB6C540EFCD847C71CB0",
				"05AE3FCE16425F26D5F0455D",
				"4BE81137098A575D6FF9BD4F",
				"470B0401150E26BB238C969E",
				"35E3D24885A8BB4EA6DCE14A",
				"06D906242B5C6C0180700935",
				"98F67473E04BC14EA4C7A203",
				"36370413C714ACBB521A216A",
				"2B0BADB0C50C276EE4563BBC",
				"6C8E6710B813B40B0F0A4004",
				"E062FEF793D456EE8973480E",
				"CF20417C1CD8D1B02018D86D",
				"4BCBC133B37F7A9C608735BF",
				"B44BE8D6A27FC73886331E2B",
				"50C698EAB8BE89B3001AB67C",
				"E6C78072BE8182CFB3D44397",
				"8EE32881C802F27573F275A3",
				"A83F29C72269328BFD6A4D85",
				"0DBDD42BFA4CE6944E9DA02C",
				"09956664A2A8C904FFA5D9CA",
				"6D6140A4A2A34B7BD3B71EE4",
				"C755ABF6805C9DAACA47017B");
			shellPath = "/bin/sh";
			shellScript = "make\ -C\ /Users/Sheng/Dropbox/PDEsolver\ -f\ \'PDEsolver.xcodeproj/qt_preprocess.mak\'";
		};
		C29B8785722055ED95EF7B57 = {
			buildActionMask = 2147483647;
			files = (
				"2B093CA6F071B023A473CED0",
				"DCD7B5926D0510B394461233",
				"DDF618B4D2E322AEC4BA0D75",
				"BD553B0A4D3240CF5106FA60",
				"113407D806CF6C392676BA1C",
				"7D0B8DFE3B8245B79F4C4C0F",
				"4C718BA6BB185FDAC447FCDF",
				"138BB6980F1D50E5B6F536DE",
				"2E7C61F215E9C183BF0AB7FC",
				"2FCB006D3D50F4A634AC1C36",
				"BF9712FDC65E360B3AF1007A",
				"C1B3F0B4AFEE38188E1E795B",
				"D3A1FD9FB9BDB351F292EC98",
				"7EFCEFCE94EDAE345354DA0E",
				"108DAB6C540EFCD847C71CB0",
				"05AE3FCE16425F26D5F0455D",
				"4BE81137098A575D6FF9BD4F",
				"470B0401150E26BB238C969E",
				"35E3D24885A8BB4EA6DCE14A",
				"06D906242B5C6C0180700935",
				"98F67473E04BC14EA4C7A203",
				"36370413C714ACBB521A216A",
				"2B0BADB0C50C276EE4563BBC",
				"6C8E6710B813B40B0F0A4004",
				"E062FEF793D456EE8973480E",
				"CF20417C1CD8D1B02018D86D",
				"4BCBC133B37F7A9C608735BF",
				"B44BE8D6A27FC73886331E2B",
				"50C698EAB8BE89B3001AB67C",
				"E6C78072BE8182CFB3D44397",
				"8EE32881C802F27573F275A3",
				"A83F29C72269328BFD6A4D85",
				"0DBDD42BFA4CE6944E9DA02C",
				"09956664A2A8C904FFA5D9CA",
				"6D6140A4A2A34B7BD3B71EE4",
				"C755ABF6805C9DAACA47017B");
			isa = PBXSourcesBuildPhase;
			name = "Build Sources";
		};
		9B36DA7E32F0304E780E7972 = {
			isa = PBXFileReference;
			name = "QtGui.framework";
			path = "/Library/Frameworks/QtGui.framework";
			refType = 0;
			sourceTree = "<absolute>";
			lastKnownFileType = "wrapper.framework";
		};
		501667F26B3C1FF6767A7C12 = {
			fileRef = "9B36DA7E32F0304E780E7972";
			isa = PBXBuildFile;
			settings = {
			};
		};
		7BC2E65A5E699A5E5D834CA2 = {
			isa = PBXFileReference;
			name = "QtCore.framework";
			path = "/Library/Frameworks/QtCore.framework";
			refType = 0;
			sourceTree = "<absolute>";
			lastKnownFileType = "wrapper.framework";
		};
		069D05B0128AE5DC7EE31738 = {
			fileRef = "7BC2E65A5E699A5E5D834CA2";
			isa = PBXBuildFile;
			settings = {
			};
		};
		ED1E82605DD74B483AF3C982 = {
			children = (
				"9B36DA7E32F0304E780E7972",
				"7BC2E65A5E699A5E5D834CA2");
			isa = PBXGroup;
			name = "External Frameworks and Libraries";
			path = "";
			refType = 4;
			sourceTree = "<Group>";
		};
		2A1043669E6E5A7426EA502A = {
			buildActionMask = 2147483647;
			files = (
				"501667F26B3C1FF6767A7C12",
				"069D05B0128AE5DC7EE31738");
			isa = PBXFrameworksBuildPhase;
			name = "Frameworks & Libraries";
		};
		3787F99312C85FF0073FD7BA = {
			buildActionMask = 2147483647;
			files = (
			);
			isa = PBXResourcesBuildPhase;
			name = "Bundle Resources";
		};
		05596AB53D8D521C69802C27 = {
			children = (
				"FB61758D0F0FDA4BA867C3D5",
				"46E892BBB6BB6952967E0561",
				"883D7615C4D2DE3FA1218F12",
				"7CABE3C80E79AD2B307756D2",
				"ED1E82605DD74B483AF3C982");
			isa = PBXGroup;
			name = "PDEsolver";
			path = "";
			refType = 4;
			sourceTree = "<Group>";
		};
		B9B25C098758FD38408B665C = {
			isa = PBXFileReference;
			explicitFileType = "wrapper.application";
			path = "PDEsolver.app";
			refType = 3;
			sourceTree = BUILT_PRODUCTS_DIR;
		};
		068F80C7519D0528FB08E821 = {
			children = (
				"B9B25C098758FD38408B665C");
			isa = PBXGroup;
			name = "Products";
			refType = 4;
		};
		7CA2FC8C6046BFE705D320BB = {
			buildPhases = (
				"D7BA7D76DAB5DD13389D6332",
				"A0A52A2ADF7A1E2A99738674",
				"C29B8785722055ED95EF7B57",
				"2A1043669E6E5A7426EA502A",
				"3787F99312C85FF0073FD7BA");
			buildSettings = {
				CC = "/usr/bin/gcc";
				CPLUSPLUS = "/usr/bin/g++";
				LEXFLAGS = "";
				YACCFLAGS = "-d";
				OTHER_REZFLAGS = "";
				SECTORDER_FLAGS = "";
				WARNING_CFLAGS = "";
				PREBINDING = NO;
				INFOPLIST_FILE = "Info.plist";
				BUILD_ROOT = "/Users/Sheng/Dropbox/PDEsolver";
				OTHER_LDFLAGS = (
						"-headerpad_max_install_names",
						"-L/Library/Frameworks",
						"-F/Library/Frameworks");
				DYLIB_CURRENT_VERSION = "1.0.0";
				DYLIB_COMPATIBILITY_VERSION = "1.0";
				MACOSX_DEPLOYMENT_TARGET = "10.4";
				PRODUCT_NAME = "PDEsolver";
			};
			conditionalBuildSettings = {
			};
			dependencies = (
				);
			productReference = "B9B25C098758FD38408B665C";
			shouldUseHeadermap = 1;
			buildConfigurationList = 17B3380A4D6A7D415E7F2E1E;
			isa = PBXNativeTarget;
			productType = "com.apple.product-type.application";
			productSettingsXML = "<?xml version=\"1.0\" encoding=\"UTF-8\"?>
<!DOCTYPE plist SYSTEM \"file://localhost/System/Library/DTDs/PropertyList.dtd\">
<plist version=\"0.9\">
<dict>
	<key>NSPrincipalClass</key>
	<string>NSApplication</string>
	<key>CFBundleIconFile</key>
	<string></string>
	<key>CFBundlePackageType</key>
	<string>APPL</string>
 	<key>CFBundleGetInfoString</key>
	<string>Created by Qt/QMake</string>
	<key>CFBundleSignature</key>
	<string>????</string>
	<key>CFBundleExecutable</key>
	<string>PDEsolver</string>
	<key>CFBundleIdentifier</key>
	<string>com.yourcompany.PDEsolver</string>
	<key>NOTE</key>
	<string>This file was generated by Qt/QMake.</string>
</dict>
</plist>
";
			name = "PDEsolver";
			productName = "PDEsolver";
			startupPath = "<<ProjectDirectory>>";
		};
		4B72B24813252891014BCF61 = {
			isa = XCBuildConfiguration;
			buildSettings = {
				COPY_PHASE_STRIP = "NO";
				GCC_GENERATE_DEBUGGING_SYMBOLS = "YES";
				GCC_OPTIMIZATION_LEVEL = "0";
				PRODUCT_NAME = "PDEsolver";
				HEADER_SEARCH_PATHS = (
					"/Library/Frameworks/QtCore.framework/Versions/4/Headers",
					"/usr/include/QtCore",
					"/Library/Frameworks/QtGui.framework/Versions/4/Headers",
					"/usr/include/QtGui",
					"/usr/include",
					".",
					"Application",
					"FieldsDefinition",
					"GlobalFunctions",
					"Simulation",
					"Solvers/TwoDimensional",
					"Solvers/TwoDimensional/FluxSolvers",
					"InitialCondition",
					"Solvers/OneDimensional",
					"Solvers/OneDimensional/FluxSolvers",
					"Application/QCustomPlot",
					".",
					"/usr/local/include",
					"/System/Library/Frameworks/CarbonCore.framework/Headers",
					"/usr/local/Qt4.8/mkspecs/macx-xcode");
				LIBRARY_SEARCH_PATHS = (
					"/Library/Frameworks");
				FRAMEWORK_SEARCH_PATHS = (
					"/Library/Frameworks",
					"/Library/Frameworks");
				INFOPLIST_FILE = "Info.plist";
				OTHER_CFLAGS = (
					"-pipe",
					"-g",
					"-Wall",
					"-W",
					"-DQT_GUI_LIB",
					"-DQT_CORE_LIB",
					"-DQT_SHARED");
				OTHER_CPLUSPLUSFLAGS = (
					"-pipe",
					"-g",
					"-Wall",
					"-W",
					"-DQT_GUI_LIB",
					"-DQT_CORE_LIB",
					"-DQT_SHARED");
				OTHER_LDFLAGS = (
						"-headerpad_max_install_names",
						"-L/Library/Frameworks",
						"-F/Library/Frameworks");
				ARCHS = "x86_64";
			};
			name = "Debug";
		};
		BEC09A62E69C3553534FF35E = {
			isa = XCBuildConfiguration;
			buildSettings = {
				COPY_PHASE_STRIP = "NO";
				GCC_GENERATE_DEBUGGING_SYMBOLS = "YES";
				GCC_OPTIMIZATION_LEVEL = "0";
				PRODUCT_NAME = "PDEsolver";
				PRODUCT_NAME = "PDEsolver";
			};
			name = "Debug";
		};
		2C641C3335766025DD51B7BD = {
			buildRules = (
				);
			buildSettings = {
				COPY_PHASE_STRIP = "NO";
				GCC_GENERATE_DEBUGGING_SYMBOLS = "YES";
				GCC_OPTIMIZATION_LEVEL = "0";
				PRODUCT_NAME = "PDEsolver";
			};
			isa = "PBXBuildStyle";
			name = "Debug";
		};
		D70590BEB531B51029F711BB = {
			isa = XCBuildConfiguration;
			buildSettings = {
				COPY_PHASE_STRIP = "YES";
				GCC_GENERATE_DEBUGGING_SYMBOLS = "NO";
				PRODUCT_NAME = "PDEsolver";
				HEADER_SEARCH_PATHS = (
					"/Library/Frameworks/QtCore.framework/Versions/4/Headers",
					"/usr/include/QtCore",
					"/Library/Frameworks/QtGui.framework/Versions/4/Headers",
					"/usr/include/QtGui",
					"/usr/include",
					".",
					"Application",
					"FieldsDefinition",
					"GlobalFunctions",
					"Simulation",
					"Solvers/TwoDimensional",
					"Solvers/TwoDimensional/FluxSolvers",
					"InitialCondition",
					"Solvers/OneDimensional",
					"Solvers/OneDimensional/FluxSolvers",
					"Application/QCustomPlot",
					".",
					"/usr/local/include",
					"/System/Library/Frameworks/CarbonCore.framework/Headers",
					"/usr/local/Qt4.8/mkspecs/macx-xcode");
				LIBRARY_SEARCH_PATHS = (
					"/Library/Frameworks");
				FRAMEWORK_SEARCH_PATHS = (
					"/Library/Frameworks",
					"/Library/Frameworks");
				INFOPLIST_FILE = "Info.plist";
				OTHER_CFLAGS = (
					"-pipe",
					"-g",
					"-Wall",
					"-W",
					"-DQT_GUI_LIB",
					"-DQT_CORE_LIB",
					"-DQT_SHARED");
				OTHER_CPLUSPLUSFLAGS = (
					"-pipe",
					"-g",
					"-Wall",
					"-W",
					"-DQT_GUI_LIB",
					"-DQT_CORE_LIB",
					"-DQT_SHARED");
				OTHER_LDFLAGS = (
						"-headerpad_max_install_names",
						"-L/Library/Frameworks",
						"-F/Library/Frameworks");
				ARCHS = "x86_64";
			};
			name = "Release";
		};
		8C7174830A1E4DCBA0332EC1 = {
			isa = XCBuildConfiguration;
			buildSettings = {
				COPY_PHASE_STRIP = "YES";
				GCC_GENERATE_DEBUGGING_SYMBOLS = "NO";
				PRODUCT_NAME = "PDEsolver";
				PRODUCT_NAME = "PDEsolver";
			};
			name = "Release";
		};
		26DE8D2AEA4B3714B41E931F = {
			buildRules = (
				);
			buildSettings = {
				COPY_PHASE_STRIP = "YES";
				GCC_GENERATE_DEBUGGING_SYMBOLS = "NO";
				PRODUCT_NAME = "PDEsolver";
			};
			isa = "PBXBuildStyle";
			name = "Release";
		};
		CC82A9286117DFED018F418F = {
			isa = XCConfigurationList;
			buildConfigurations = (
				"4B72B24813252891014BCF61",
				"D70590BEB531B51029F711BB");
			defaultConfigurationIsVisible = 0;
			defaultConfigurationIsName = "Debug";
		};
		17B3380A4D6A7D415E7F2E1E = {
			isa = XCConfigurationList;
			buildConfigurations = (
				"BEC09A62E69C3553534FF35E",
				"8C7174830A1E4DCBA0332EC1");
			defaultConfigurationIsVisible = 0;
			defaultConfigurationIsName = "Debug";
		};
		91B15E841AA80083484172DE = {
			buildStyles = (
				"2C641C3335766025DD51B7BD",
				"26DE8D2AEA4B3714B41E931F");
			hasScannedForEncodings = 1;
			isa = PBXProject;
			mainGroup = "05596AB53D8D521C69802C27";
			buildConfigurationList = "CC82A9286117DFED018F418F";
			projectDirPath = "";
			targets = (
				"7CA2FC8C6046BFE705D320BB");
		};
	};
	rootObject = "91B15E841AA80083484172DE";
}
